
Microsoft Visual Studio Solution File, Format Version 12.00
# Visual Studio Version 17
VisualStudioVersion = 17.7.34031.279
MinimumVisualStudioVersion = 10.0.40219.1
Project("{FAE04EC0-301F-11D3-BF4B-00C04F79EFBC}") = "Workaround", "Workaround\Workaround.csproj", "{F214AADB-00AA-415E-9D8A-D7A6B49DBD13}"
EndProject
Project("{FAE04EC0-301F-11D3-BF4B-00C04F79EFBC}") = "Entities", "Entities\Entities.csproj", "{8BA5ADDC-6A57-42C5-8E86-04D1FB304947}"
EndProject
Project("{FAE04EC0-301F-11D3-BF4B-00C04F79EFBC}") = "Business", "Business\Business.csproj", "{C8A93C21-F46C-48BB-91FF-35F306CCFD2E}"
EndProject
Global
	GlobalSection(SolutionConfigurationPlatforms) = preSolution
		Debug|Any CPU = Debug|Any CPU
		Release|Any CPU = Release|Any CPU
	EndGlobalSection
	GlobalSection(ProjectConfigurationPlatforms) = postSolution
		{F214AADB-00AA-415E-9D8A-D7A6B49DBD13}.Debug|Any CPU.ActiveCfg = Debug|Any CPU
		{F214AADB-00AA-415E-9D8A-D7A6B49DBD13}.Debug|Any CPU.Build.0 = Debug|Any CPU
		{F214AADB-00AA-415E-9D8A-D7A6B49DBD13}.Release|Any CPU.ActiveCfg = Release|Any CPU
		{F214AADB-00AA-415E-9D8A-D7A6B49DBD13}.Release|Any CPU.Build.0 = Release|Any CPU
		{8BA5ADDC-6A57-42C5-8E86-04D1FB304947}.Debug|Any CPU.ActiveCfg = Debug|Any CPU
		{8BA5ADDC-6A57-42C5-8E86-04D1FB304947}.Debug|Any CPU.Build.0 = Debug|Any CPU
		{8BA5ADDC-6A57-42C5-8E86-04D1FB304947}.Release|Any CPU.ActiveCfg = Release|Any CPU
		{8BA5ADDC-6A57-42C5-8E86-04D1FB304947}.Release|Any CPU.Build.0 = Release|Any CPU
		{C8A93C21-F46C-48BB-91FF-35F306CCFD2E}.Debug|Any CPU.ActiveCfg = Debug|Any CPU
		{C8A93C21-F46C-48BB-91FF-35F306CCFD2E}.Debug|Any CPU.Build.0 = Debug|Any CPU
		{C8A93C21-F46C-48BB-91FF-35F306CCFD2E}.Release|Any CPU.ActiveCfg = Release|Any CPU
		{C8A93C21-F46C-48BB-91FF-35F306CCFD2E}.Release|Any CPU.Build.0 = Release|Any CPU
	EndGlobalSection
	GlobalSection(SolutionProperties) = preSolution
		HideSolutionNode = FALSE
	EndGlobalSection
	GlobalSection(ExtensibilityGlobals) = postSolution
		SolutionGuid = {A2B0177E-0EDC-4557-AE50-E4C8E6E61EAB}
	EndGlobalSection
EndGlobal
